
Microsoft Visual Studio Solution File, Format Version 12.00
# Visual Studio 15
VisualStudioVersion = 15.0.28307.757
MinimumVisualStudioVersion = 10.0.40219.1
Project("{FAE04EC0-301F-11D3-BF4B-00C04F79EFBC}") = "Mandelbort.Application", "Mandelbort.Application\Mandelbort.Application.csproj", "{063F0119-3033-40D9-A997-61BB00A786E1}"
EndProject
Global
	GlobalSection(SolutionConfigurationPlatforms) = preSolution
		Debug|Any CPU = Debug|Any CPU
		Release|Any CPU = Release|Any CPU
	EndGlobalSection
	GlobalSection(ProjectConfigurationPlatforms) = postSolution
		{063F0119-3033-40D9-A997-61BB00A786E1}.Debug|Any CPU.ActiveCfg = Debug|Any CPU
		{063F0119-3033-40D9-A997-61BB00A786E1}.Debug|Any CPU.Build.0 = Debug|Any CPU
		{063F0119-3033-40D9-A997-61BB00A786E1}.Release|Any CPU.ActiveCfg = Release|Any CPU
		{063F0119-3033-40D9-A997-61BB00A786E1}.Release|Any CPU.Build.0 = Release|Any CPU
	EndGlobalSection
	GlobalSection(SolutionProperties) = preSolution
		HideSolutionNode = FALSE
	EndGlobalSection
	GlobalSection(ExtensibilityGlobals) = postSolution
		SolutionGuid = {7B3A053A-76F7-4C37-BC41-5C86AD0E7F57}
	EndGlobalSection
EndGlobal
